PODS:
  - Capacitor (4.8.2):
    - CapacitorCordova
  - CapacitorCamera (4.1.5):
    - Capacitor
  - CapacitorCordova (4.8.2)
  - CapacitorPreferences (4.0.2):
    - Capacitor

DEPENDENCIES:
  - "Capacitor (from `../../node_modules/@capacitor/ios`)"
  - "CapacitorCamera (from `../../node_modules/@capacitor/camera`)"
  - "CapacitorCordova (from `../../node_modules/@capacitor/ios`)"
  - "CapacitorPreferences (from `../../node_modules/@capacitor/preferences`)"

EXTERNAL SOURCES:
  Capacitor:
    :path: "../../node_modules/@capacitor/ios"
  CapacitorCamera:
    :path: "../../node_modules/@capacitor/camera"
  CapacitorCordova:
    :path: "../../node_modules/@capacitor/ios"
  CapacitorPreferences:
    :path: "../../node_modules/@capacitor/preferences"

SPEC CHECKSUMS:
  Capacitor: 67c335fe9ce677e3f92b63e7f4b8df52e2ca3bbb
  CapacitorCamera: 6f0777dbc5b9fbb59852567ba9ac3b0da2e4ee8f
  CapacitorCordova: a054c9999d25efd22fed1a5c8945fe9a2a43bc56
  CapacitorPreferences: 1d66dc32299f55ed632c5611f312878979275ea5

PODFILE CHECKSUM: c6bfa625250ea577dfe05dbc0a96505626547b8e

COCOAPODS: 1.16.2
